
Microsoft Visual Studio Solution File, Format Version 12.00
# Visual Studio Version 17
VisualStudioVersion = 17.13.35919.96 d17.13
MinimumVisualStudioVersion = 10.0.40219.1
Project("{FAE04EC0-301F-11D3-BF4B-00C04F79EFBC}") = "AvaloniaApplication1", "AvaloniaApplication1\AvaloniaApplication1.csproj", "{7995DAB1-938B-4901-A13D-985A6D6822FD}"
EndProject
Global
	GlobalSection(SolutionConfigurationPlatforms) = preSolution
		Debug|Any CPU = Debug|Any CPU
		Release|Any CPU = Release|Any CPU
	EndGlobalSection
	GlobalSection(ProjectConfigurationPlatforms) = postSolution
		{7995DAB1-938B-4901-A13D-985A6D6822FD}.Debug|Any CPU.ActiveCfg = Debug|Any CPU
		{7995DAB1-938B-4901-A13D-985A6D6822FD}.Debug|Any CPU.Build.0 = Debug|Any CPU
		{7995DAB1-938B-4901-A13D-985A6D6822FD}.Release|Any CPU.ActiveCfg = Release|Any CPU
		{7995DAB1-938B-4901-A13D-985A6D6822FD}.Release|Any CPU.Build.0 = Release|Any CPU
	EndGlobalSection
	GlobalSection(SolutionProperties) = preSolution
		HideSolutionNode = FALSE
	EndGlobalSection
	GlobalSection(ExtensibilityGlobals) = postSolution
		SolutionGuid = {DF3ED524-EF7D-4DE1-B5C3-B263C922F858}
	EndGlobalSection
EndGlobal
